// !$*UTF8*$!
{
	archiveVersion = 1;
	classes = {
	};
	objectVersion = 46;
	objects = {

/* Begin PBXBuildFile section */
		072FAF921F0D1C1E008154B2 /* UserService.swift in Sources */ = {isa = PBXBuildFile; fileRef = 072FAF911F0D1C1E008154B2 /* UserService.swift */; };
		072FAF941F0D4068008154B2 /* Constants.swift in Sources */ = {isa = PBXBuildFile; fileRef = 072FAF931F0D4068008154B2 /* Constants.swift */; };
		072FAF961F0D4125008154B2 /* Storyboard+Utility.swift in Sources */ = {isa = PBXBuildFile; fileRef = 072FAF951F0D4125008154B2 /* Storyboard+Utility.swift */; };
		072FAF981F0D5B71008154B2 /* HomeVC.swift in Sources */ = {isa = PBXBuildFile; fileRef = 072FAF971F0D5B71008154B2 /* HomeVC.swift */; };
		072FAF9A1F0D5B94008154B2 /* FindFriendsVC.swift in Sources */ = {isa = PBXBuildFile; fileRef = 072FAF991F0D5B94008154B2 /* FindFriendsVC.swift */; };
		076E04CA1F0EBAB300F8FFE8 /* StorageService.swift in Sources */ = {isa = PBXBuildFile; fileRef = 076E04C91F0EBAB300F8FFE8 /* StorageService.swift */; };
		076E04CC1F0EC5CB00F8FFE8 /* PostService.swift in Sources */ = {isa = PBXBuildFile; fileRef = 076E04CB1F0EC5CB00F8FFE8 /* PostService.swift */; };
		076E04CE1F0EC74500F8FFE8 /* Post.swift in Sources */ = {isa = PBXBuildFile; fileRef = 076E04CD1F0EC74500F8FFE8 /* Post.swift */; };
		078568C11F0AC6830054D7A2 /* User.swift in Sources */ = {isa = PBXBuildFile; fileRef = 078568C01F0AC6830054D7A2 /* User.swift */; };
		078568C31F0ACCEE0054D7A2 /* CreateUsernameVC.swift in Sources */ = {isa = PBXBuildFile; fileRef = 078568C21F0ACCEE0054D7A2 /* CreateUsernameVC.swift */; };
		07BE65DA1F06E95D00A50B73 /* AppDelegate.swift in Sources */ = {isa = PBXBuildFile; fileRef = 07BE65D91F06E95D00A50B73 /* AppDelegate.swift */; };
		07BE65DF1F06E95D00A50B73 /* Main.storyboard in Resources */ = {isa = PBXBuildFile; fileRef = 07BE65DD1F06E95D00A50B73 /* Main.storyboard */; };
		07BE65E11F06E95D00A50B73 /* Assets.xcassets in Resources */ = {isa = PBXBuildFile; fileRef = 07BE65E01F06E95D00A50B73 /* Assets.xcassets */; };
		07BE65E41F06E95D00A50B73 /* LaunchScreen.storyboard in Resources */ = {isa = PBXBuildFile; fileRef = 07BE65E21F06E95D00A50B73 /* LaunchScreen.storyboard */; };
		07DE27671F0FC780009B3F17 /* UIImage+Size.swift in Sources */ = {isa = PBXBuildFile; fileRef = 07DE27661F0FC780009B3F17 /* UIImage+Size.swift */; };
		07DE27691F0FC84A009B3F17 /* StorageReference+Post.swift in Sources */ = {isa = PBXBuildFile; fileRef = 07DE27681F0FC84A009B3F17 /* StorageReference+Post.swift */; };
		07DE276C1F0FCBC8009B3F17 /* Home.storyboard in Resources */ = {isa = PBXBuildFile; fileRef = 07DE276A1F0FCBC8009B3F17 /* Home.storyboard */; };
		07DE276E1F0FDA0D009B3F17 /* PostImageCell.swift in Sources */ = {isa = PBXBuildFile; fileRef = 07DE276D1F0FDA0D009B3F17 /* PostImageCell.swift */; };
		07DE27701F0FDE5E009B3F17 /* PostHeaderCell.swift in Sources */ = {isa = PBXBuildFile; fileRef = 07DE276F1F0FDE5E009B3F17 /* PostHeaderCell.swift */; };
		07DE27721F0FE10F009B3F17 /* PostActionCell.swift in Sources */ = {isa = PBXBuildFile; fileRef = 07DE27711F0FE10F009B3F17 /* PostActionCell.swift */; };
		07E342FA1F096268001A6863 /* GoogleService-Info.plist in Resources */ = {isa = PBXBuildFile; fileRef = 07E342F91F096268001A6863 /* GoogleService-Info.plist */; };
		07E343041F0A77DF001A6863 /* Login.storyboard in Resources */ = {isa = PBXBuildFile; fileRef = 07E343031F0A77DF001A6863 /* Login.storyboard */; };
		07E343061F0A7927001A6863 /* LoginVC.swift in Sources */ = {isa = PBXBuildFile; fileRef = 07E343051F0A7927001A6863 /* LoginVC.swift */; };
		07EE54F71F0E766700A59057 /* MainTabBarVC.swift in Sources */ = {isa = PBXBuildFile; fileRef = 07EE54F61F0E766700A59057 /* MainTabBarVC.swift */; };
		07EE54F91F0E889500A59057 /* MGPhotoHelper.swift in Sources */ = {isa = PBXBuildFile; fileRef = 07EE54F81F0E889500A59057 /* MGPhotoHelper.swift */; };
		4CAF7BA4B5411351E91C8A7F /* Pods_Makestagram.framework in Frameworks */ = {isa = PBXBuildFile; fileRef = C42ECF4C0E8D8D9018C33BFE /* Pods_Makestagram.framework */; };
/* End PBXBuildFile section */

/* Begin PBXFileReference section */
		072FAF911F0D1C1E008154B2 /* UserService.swift */ = {isa = PBXFileReference; fileEncoding = 4; lastKnownFileType = sourcecode.swift; path = UserService.swift; sourceTree = "<group>"; };
		072FAF931F0D4068008154B2 /* Constants.swift */ = {isa = PBXFileReference; fileEncoding = 4; lastKnownFileType = sourcecode.swift; path = Constants.swift; sourceTree = "<group>"; };
		072FAF951F0D4125008154B2 /* Storyboard+Utility.swift */ = {isa = PBXFileReference; fileEncoding = 4; lastKnownFileType = sourcecode.swift; path = "Storyboard+Utility.swift"; sourceTree = "<group>"; };
		072FAF971F0D5B71008154B2 /* HomeVC.swift */ = {isa = PBXFileReference; fileEncoding = 4; lastKnownFileType = sourcecode.swift; path = HomeVC.swift; sourceTree = "<group>"; };
		072FAF991F0D5B94008154B2 /* FindFriendsVC.swift */ = {isa = PBXFileReference; fileEncoding = 4; lastKnownFileType = sourcecode.swift; path = FindFriendsVC.swift; sourceTree = "<group>"; };
		076E04C91F0EBAB300F8FFE8 /* StorageService.swift */ = {isa = PBXFileReference; fileEncoding = 4; lastKnownFileType = sourcecode.swift; path = StorageService.swift; sourceTree = "<group>"; };
		076E04CB1F0EC5CB00F8FFE8 /* PostService.swift */ = {isa = PBXFileReference; fileEncoding = 4; lastKnownFileType = sourcecode.swift; path = PostService.swift; sourceTree = "<group>"; };
		076E04CD1F0EC74500F8FFE8 /* Post.swift */ = {isa = PBXFileReference; fileEncoding = 4; lastKnownFileType = sourcecode.swift; path = Post.swift; sourceTree = "<group>"; };
		078568C01F0AC6830054D7A2 /* User.swift */ = {isa = PBXFileReference; fileEncoding = 4; lastKnownFileType = sourcecode.swift; path = User.swift; sourceTree = "<group>"; };
		078568C21F0ACCEE0054D7A2 /* CreateUsernameVC.swift */ = {isa = PBXFileReference; fileEncoding = 4; lastKnownFileType = sourcecode.swift; path = CreateUsernameVC.swift; sourceTree = "<group>"; };
		07BE65D61F06E95D00A50B73 /* Makestagram.app */ = {isa = PBXFileReference; explicitFileType = wrapper.application; includeInIndex = 0; path = Makestagram.app; sourceTree = BUILT_PRODUCTS_DIR; };
		07BE65D91F06E95D00A50B73 /* AppDelegate.swift */ = {isa = PBXFileReference; lastKnownFileType = sourcecode.swift; path = AppDelegate.swift; sourceTree = "<group>"; };
		07BE65DE1F06E95D00A50B73 /* Base */ = {isa = PBXFileReference; lastKnownFileType = file.storyboard; name = Base; path = Base.lproj/Main.storyboard; sourceTree = "<group>"; };
		07BE65E01F06E95D00A50B73 /* Assets.xcassets */ = {isa = PBXFileReference; lastKnownFileType = folder.assetcatalog; path = Assets.xcassets; sourceTree = "<group>"; };
		07BE65E31F06E95D00A50B73 /* Base */ = {isa = PBXFileReference; lastKnownFileType = file.storyboard; name = Base; path = Base.lproj/LaunchScreen.storyboard; sourceTree = "<group>"; };
		07BE65E51F06E95D00A50B73 /* Info.plist */ = {isa = PBXFileReference; lastKnownFileType = text.plist.xml; path = Info.plist; sourceTree = "<group>"; };
		07DE27661F0FC780009B3F17 /* UIImage+Size.swift */ = {isa = PBXFileReference; fileEncoding = 4; lastKnownFileType = sourcecode.swift; path = "UIImage+Size.swift"; sourceTree = "<group>"; };
		07DE27681F0FC84A009B3F17 /* StorageReference+Post.swift */ = {isa = PBXFileReference; fileEncoding = 4; lastKnownFileType = sourcecode.swift; path = "StorageReference+Post.swift"; sourceTree = "<group>"; };
		07DE276B1F0FCBC8009B3F17 /* Base */ = {isa = PBXFileReference; lastKnownFileType = file.storyboard; name = Base; path = Base.lproj/Home.storyboard; sourceTree = "<group>"; };
		07DE276D1F0FDA0D009B3F17 /* PostImageCell.swift */ = {isa = PBXFileReference; fileEncoding = 4; lastKnownFileType = sourcecode.swift; path = PostImageCell.swift; sourceTree = "<group>"; };
		07DE276F1F0FDE5E009B3F17 /* PostHeaderCell.swift */ = {isa = PBXFileReference; fileEncoding = 4; lastKnownFileType = sourcecode.swift; path = PostHeaderCell.swift; sourceTree = "<group>"; };
		07DE27711F0FE10F009B3F17 /* PostActionCell.swift */ = {isa = PBXFileReference; fileEncoding = 4; lastKnownFileType = sourcecode.swift; path = PostActionCell.swift; sourceTree = "<group>"; };
		07E342F91F096268001A6863 /* GoogleService-Info.plist */ = {isa = PBXFileReference; fileEncoding = 4; lastKnownFileType = text.plist.xml; path = "GoogleService-Info.plist"; sourceTree = "<group>"; };
		07E343031F0A77DF001A6863 /* Login.storyboard */ = {isa = PBXFileReference; fileEncoding = 4; lastKnownFileType = file.storyboard; path = Login.storyboard; sourceTree = "<group>"; };
		07E343051F0A7927001A6863 /* LoginVC.swift */ = {isa = PBXFileReference; fileEncoding = 4; lastKnownFileType = sourcecode.swift; path = LoginVC.swift; sourceTree = "<group>"; };
		07EE54F61F0E766700A59057 /* MainTabBarVC.swift */ = {isa = PBXFileReference; fileEncoding = 4; lastKnownFileType = sourcecode.swift; path = MainTabBarVC.swift; sourceTree = "<group>"; };
		07EE54F81F0E889500A59057 /* MGPhotoHelper.swift */ = {isa = PBXFileReference; fileEncoding = 4; lastKnownFileType = sourcecode.swift; path = MGPhotoHelper.swift; sourceTree = "<group>"; };
		53E9923A4E87EDEDDEEC2971 /* Pods-Makestagram.debug.xcconfig */ = {isa = PBXFileReference; includeInIndex = 1; lastKnownFileType = text.xcconfig; name = "Pods-Makestagram.debug.xcconfig"; path = "Pods/Target Support Files/Pods-Makestagram/Pods-Makestagram.debug.xcconfig"; sourceTree = "<group>"; };
		BF14B8465EC382BC97BB1422 /* Pods-Makestagram.release.xcconfig */ = {isa = PBXFileReference; includeInIndex = 1; lastKnownFileType = text.xcconfig; name = "Pods-Makestagram.release.xcconfig"; path = "Pods/Target Support Files/Pods-Makestagram/Pods-Makestagram.release.xcconfig"; sourceTree = "<group>"; };
		C42ECF4C0E8D8D9018C33BFE /* Pods_Makestagram.framework */ = {isa = PBXFileReference; explicitFileType = wrapper.framework; includeInIndex = 0; path = Pods_Makestagram.framework; sourceTree = BUILT_PRODUCTS_DIR; };
/* End PBXFileReference section */

/* Begin PBXFrameworksBuildPhase section */
		07BE65D31F06E95D00A50B73 /* Frameworks */ = {
			isa = PBXFrameworksBuildPhase;
			buildActionMask = 2147483647;
			files = (
				4CAF7BA4B5411351E91C8A7F /* Pods_Makestagram.framework in Frameworks */,
			);
			runOnlyForDeploymentPostprocessing = 0;
		};
/* End PBXFrameworksBuildPhase section */

/* Begin PBXGroup section */
		07BE65CD1F06E95D00A50B73 = {
			isa = PBXGroup;
			children = (
				07BE65D81F06E95D00A50B73 /* Makestagram */,
				07BE65D71F06E95D00A50B73 /* Products */,
				C9F349AD189ED52AE5C9B498 /* Pods */,
				B17B72379BE05FDE81B3FC5D /* Frameworks */,
			);
			sourceTree = "<group>";
		};
		07BE65D71F06E95D00A50B73 /* Products */ = {
			isa = PBXGroup;
			children = (
				07BE65D61F06E95D00A50B73 /* Makestagram.app */,
			);
			name = Products;
			sourceTree = "<group>";
		};
		07BE65D81F06E95D00A50B73 /* Makestagram */ = {
			isa = PBXGroup;
			children = (
				07E343001F09648F001A6863 /* Services */,
				07E342FF1F096485001A6863 /* Helpers */,
				07E342FE1F09647C001A6863 /* Extensions */,
				07E342FD1F096464001A6863 /* Controllers */,
				07E342FC1F096458001A6863 /* Views */,
				07E342FB1F096447001A6863 /* Models */,
				07BE65D91F06E95D00A50B73 /* AppDelegate.swift */,
				07BE65E01F06E95D00A50B73 /* Assets.xcassets */,
				07E343011F096498001A6863 /* Storyboards */,
				07E343021F0964A7001A6863 /* Supporting */,
			);
			path = Makestagram;
			sourceTree = "<group>";
		};
		07E342FB1F096447001A6863 /* Models */ = {
			isa = PBXGroup;
			children = (
				078568C01F0AC6830054D7A2 /* User.swift */,
				076E04CD1F0EC74500F8FFE8 /* Post.swift */,
			);
			name = Models;
			sourceTree = "<group>";
		};
		07E342FC1F096458001A6863 /* Views */ = {
			isa = PBXGroup;
			children = (
				07DE276D1F0FDA0D009B3F17 /* PostImageCell.swift */,
				07DE276F1F0FDE5E009B3F17 /* PostHeaderCell.swift */,
				07DE27711F0FE10F009B3F17 /* PostActionCell.swift */,
			);
			name = Views;
			sourceTree = "<group>";
		};
		07E342FD1F096464001A6863 /* Controllers */ = {
			isa = PBXGroup;
			children = (
				07E343051F0A7927001A6863 /* LoginVC.swift */,
				078568C21F0ACCEE0054D7A2 /* CreateUsernameVC.swift */,
				072FAF971F0D5B71008154B2 /* HomeVC.swift */,
				072FAF991F0D5B94008154B2 /* FindFriendsVC.swift */,
				07EE54F61F0E766700A59057 /* MainTabBarVC.swift */,
			);
			name = Controllers;
			sourceTree = "<group>";
		};
		07E342FE1F09647C001A6863 /* Extensions */ = {
			isa = PBXGroup;
			children = (
				072FAF951F0D4125008154B2 /* Storyboard+Utility.swift */,
				07DE27661F0FC780009B3F17 /* UIImage+Size.swift */,
				07DE27681F0FC84A009B3F17 /* StorageReference+Post.swift */,
			);
			name = Extensions;
			sourceTree = "<group>";
		};
		07E342FF1F096485001A6863 /* Helpers */ = {
			isa = PBXGroup;
			children = (
				07EE54F81F0E889500A59057 /* MGPhotoHelper.swift */,
			);
			name = Helpers;
			sourceTree = "<group>";
		};
		07E343001F09648F001A6863 /* Services */ = {
			isa = PBXGroup;
			children = (
				072FAF911F0D1C1E008154B2 /* UserService.swift */,
				076E04C91F0EBAB300F8FFE8 /* StorageService.swift */,
				076E04CB1F0EC5CB00F8FFE8 /* PostService.swift */,
			);
			name = Services;
			sourceTree = "<group>";
		};
		07E343011F096498001A6863 /* Storyboards */ = {
			isa = PBXGroup;
			children = (
				07BE65DD1F06E95D00A50B73 /* Main.storyboard */,
				07DE276A1F0FCBC8009B3F17 /* Home.storyboard */,
				07E343031F0A77DF001A6863 /* Login.storyboard */,
			);
			name = Storyboards;
			sourceTree = "<group>";
		};
		07E343021F0964A7001A6863 /* Supporting */ = {
			isa = PBXGroup;
			children = (
				07BE65E51F06E95D00A50B73 /* Info.plist */,
				07E342F91F096268001A6863 /* GoogleService-Info.plist */,
				07BE65E21F06E95D00A50B73 /* LaunchScreen.storyboard */,
				072FAF931F0D4068008154B2 /* Constants.swift */,
			);
			name = Supporting;
			sourceTree = "<group>";
		};
		B17B72379BE05FDE81B3FC5D /* Frameworks */ = {
			isa = PBXGroup;
			children = (
				C42ECF4C0E8D8D9018C33BFE /* Pods_Makestagram.framework */,
			);
			name = Frameworks;
			sourceTree = "<group>";
		};
		C9F349AD189ED52AE5C9B498 /* Pods */ = {
			isa = PBXGroup;
			children = (
				53E9923A4E87EDEDDEEC2971 /* Pods-Makestagram.debug.xcconfig */,
				BF14B8465EC382BC97BB1422 /* Pods-Makestagram.release.xcconfig */,
			);
			name = Pods;
			sourceTree = "<group>";
		};
/* End PBXGroup section */

/* Begin PBXNativeTarget section */
		07BE65D51F06E95D00A50B73 /* Makestagram */ = {
			isa = PBXNativeTarget;
			buildConfigurationList = 07BE65E81F06E95D00A50B73 /* Build configuration list for PBXNativeTarget "Makestagram" */;
			buildPhases = (
				2D51C3286D375243455F23D1 /* [CP] Check Pods Manifest.lock */,
				07BE65D21F06E95D00A50B73 /* Sources */,
				07BE65D31F06E95D00A50B73 /* Frameworks */,
				07BE65D41F06E95D00A50B73 /* Resources */,
				2F82CEFCAE46F778FF49E4D0 /* [CP] Embed Pods Frameworks */,
				971BAEAE01E02B8914223DFB /* [CP] Copy Pods Resources */,
			);
			buildRules = (
			);
			dependencies = (
			);
			name = Makestagram;
			productName = Makestagram;
			productReference = 07BE65D61F06E95D00A50B73 /* Makestagram.app */;
			productType = "com.apple.product-type.application";
		};
/* End PBXNativeTarget section */

/* Begin PBXProject section */
		07BE65CE1F06E95D00A50B73 /* Project object */ = {
			isa = PBXProject;
			attributes = {
				LastSwiftUpdateCheck = 0830;
				LastUpgradeCheck = 0830;
				ORGANIZATIONNAME = "Carlos A. King";
				TargetAttributes = {
					07BE65D51F06E95D00A50B73 = {
						CreatedOnToolsVersion = 8.3.3;
						DevelopmentTeam = TPRZ8PEQMQ;
						ProvisioningStyle = Automatic;
					};
				};
			};
			buildConfigurationList = 07BE65D11F06E95D00A50B73 /* Build configuration list for PBXProject "Makestagram" */;
			compatibilityVersion = "Xcode 3.2";
			developmentRegion = English;
			hasScannedForEncodings = 0;
			knownRegions = (
				en,
				Base,
			);
			mainGroup = 07BE65CD1F06E95D00A50B73;
			productRefGroup = 07BE65D71F06E95D00A50B73 /* Products */;
			projectDirPath = "";
			projectRoot = "";
			targets = (
				07BE65D51F06E95D00A50B73 /* Makestagram */,
			);
		};
/* End PBXProject section */

/* Begin PBXResourcesBuildPhase section */
		07BE65D41F06E95D00A50B73 /* Resources */ = {
			isa = PBXResourcesBuildPhase;
			buildActionMask = 2147483647;
			files = (
				07BE65E41F06E95D00A50B73 /* LaunchScreen.storyboard in Resources */,
				07BE65E11F06E95D00A50B73 /* Assets.xcassets in Resources */,
				07BE65DF1F06E95D00A50B73 /* Main.storyboard in Resources */,
				07DE276C1F0FCBC8009B3F17 /* Home.storyboard in Resources */,
				07E343041F0A77DF001A6863 /* Login.storyboard in Resources */,
				07E342FA1F096268001A6863 /* GoogleService-Info.plist in Resources */,
			);
			runOnlyForDeploymentPostprocessing = 0;
		};
/* End PBXResourcesBuildPhase section */

/* Begin PBXShellScriptBuildPhase section */
		2D51C3286D375243455F23D1 /* [CP] Check Pods Manifest.lock */ = {
			isa = PBXShellScriptBuildPhase;
			buildActionMask = 2147483647;
			files = (
			);
			inputPaths = (
			);
			name = "[CP] Check Pods Manifest.lock";
			outputPaths = (
			);
			runOnlyForDeploymentPostprocessing = 0;
			shellPath = /bin/sh;
			shellScript = "diff \"${PODS_ROOT}/../Podfile.lock\" \"${PODS_ROOT}/Manifest.lock\" > /dev/null\nif [ $? != 0 ] ; then\n    # print error to STDERR\n    echo \"error: The sandbox is not in sync with the Podfile.lock. Run 'pod install' or update your CocoaPods installation.\" >&2\n    exit 1\nfi\n";
			showEnvVarsInLog = 0;
		};
		2F82CEFCAE46F778FF49E4D0 /* [CP] Embed Pods Frameworks */ = {
			isa = PBXShellScriptBuildPhase;
			buildActionMask = 2147483647;
			files = (
			);
			inputPaths = (
			);
			name = "[CP] Embed Pods Frameworks";
			outputPaths = (
			);
			runOnlyForDeploymentPostprocessing = 0;
			shellPath = /bin/sh;
			shellScript = "\"${SRCROOT}/Pods/Target Support Files/Pods-Makestagram/Pods-Makestagram-frameworks.sh\"\n";
			showEnvVarsInLog = 0;
		};
		971BAEAE01E02B8914223DFB /* [CP] Copy Pods Resources */ = {
			isa = PBXShellScriptBuildPhase;
			buildActionMask = 2147483647;
			files = (
			);
			inputPaths = (
			);
			name = "[CP] Copy Pods Resources";
			outputPaths = (
			);
			runOnlyForDeploymentPostprocessing = 0;
			shellPath = /bin/sh;
			shellScript = "\"${SRCROOT}/Pods/Target Support Files/Pods-Makestagram/Pods-Makestagram-resources.sh\"\n";
			showEnvVarsInLog = 0;
		};
/* End PBXShellScriptBuildPhase section */

/* Begin PBXSourcesBuildPhase section */
		07BE65D21F06E95D00A50B73 /* Sources */ = {
			isa = PBXSourcesBuildPhase;
			buildActionMask = 2147483647;
			files = (
				078568C31F0ACCEE0054D7A2 /* CreateUsernameVC.swift in Sources */,
				076E04CA1F0EBAB300F8FFE8 /* StorageService.swift in Sources */,
				072FAF981F0D5B71008154B2 /* HomeVC.swift in Sources */,
				078568C11F0AC6830054D7A2 /* User.swift in Sources */,
				072FAF921F0D1C1E008154B2 /* UserService.swift in Sources */,
				07DE27721F0FE10F009B3F17 /* PostActionCell.swift in Sources */,
				076E04CE1F0EC74500F8FFE8 /* Post.swift in Sources */,
				07DE276E1F0FDA0D009B3F17 /* PostImageCell.swift in Sources */,
				07DE27671F0FC780009B3F17 /* UIImage+Size.swift in Sources */,
				072FAF961F0D4125008154B2 /* Storyboard+Utility.swift in Sources */,
				07EE54F91F0E889500A59057 /* MGPhotoHelper.swift in Sources */,
				072FAF941F0D4068008154B2 /* Constants.swift in Sources */,
				07BE65DA1F06E95D00A50B73 /* AppDelegate.swift in Sources */,
				07DE27691F0FC84A009B3F17 /* StorageReference+Post.swift in Sources */,
				072FAF9A1F0D5B94008154B2 /* FindFriendsVC.swift in Sources */,
				076E04CC1F0EC5CB00F8FFE8 /* PostService.swift in Sources */,
				07EE54F71F0E766700A59057 /* MainTabBarVC.swift in Sources */,
				07DE27701F0FDE5E009B3F17 /* PostHeaderCell.swift in Sources */,
				07E343061F0A7927001A6863 /* LoginVC.swift in Sources */,
			);
			runOnlyForDeploymentPostprocessing = 0;
		};
/* End PBXSourcesBuildPhase section */

/* Begin PBXVariantGroup section */
		07BE65DD1F06E95D00A50B73 /* Main.storyboard */ = {
			isa = PBXVariantGroup;
			children = (
				07BE65DE1F06E95D00A50B73 /* Base */,
			);
			name = Main.storyboard;
			sourceTree = "<group>";
		};
		07BE65E21F06E95D00A50B73 /* LaunchScreen.storyboard */ = {
			isa = PBXVariantGroup;
			children = (
				07BE65E31F06E95D00A50B73 /* Base */,
			);
			name = LaunchScreen.storyboard;
			sourceTree = "<group>";
		};
		07DE276A1F0FCBC8009B3F17 /* Home.storyboard */ = {
			isa = PBXVariantGroup;
			children = (
				07DE276B1F0FCBC8009B3F17 /* Base */,
			);
			name = Home.storyboard;
			sourceTree = "<group>";
		};
/* End PBXVariantGroup section */

/* Begin XCBuildConfiguration section */
		07BE65E61F06E95D00A50B73 /* Debug */ = {
			isa = XCBuildConfiguration;
			buildSettings = {
				ALWAYS_SEARCH_USER_PATHS = NO;
				CLANG_ANALYZER_NONNULL = YES;
				CLANG_ANALYZER_NUMBER_OBJECT_CONVERSION = YES_AGGRESSIVE;
				CLANG_CXX_LANGUAGE_STANDARD = "gnu++0x";
				CLANG_CXX_LIBRARY = "libc++";
				CLANG_ENABLE_MODULES = YES;
				CLANG_ENABLE_OBJC_ARC = YES;
				CLANG_WARN_BOOL_CONVERSION = YES;
				CLANG_WARN_CONSTANT_CONVERSION = YES;
				CLANG_WARN_DIRECT_OBJC_ISA_USAGE = YES_ERROR;
				CLANG_WARN_DOCUMENTATION_COMMENTS = YES;
				CLANG_WARN_EMPTY_BODY = YES;
				CLANG_WARN_ENUM_CONVERSION = YES;
				CLANG_WARN_INFINITE_RECURSION = YES;
				CLANG_WARN_INT_CONVERSION = YES;
				CLANG_WARN_OBJC_ROOT_CLASS = YES_ERROR;
				CLANG_WARN_SUSPICIOUS_MOVE = YES;
				CLANG_WARN_UNREACHABLE_CODE = YES;
				CLANG_WARN__DUPLICATE_METHOD_MATCH = YES;
				"CODE_SIGN_IDENTITY[sdk=iphoneos*]" = "iPhone Developer";
				COPY_PHASE_STRIP = NO;
				DEBUG_INFORMATION_FORMAT = dwarf;
				ENABLE_STRICT_OBJC_MSGSEND = YES;
				ENABLE_TESTABILITY = YES;
				GCC_C_LANGUAGE_STANDARD = gnu99;
				GCC_DYNAMIC_NO_PIC = NO;
				GCC_NO_COMMON_BLOCKS = YES;
				GCC_OPTIMIZATION_LEVEL = 0;
				GCC_PREPROCESSOR_DEFINITIONS = (
					"DEBUG=1",
					"$(inherited)",
				);
				GCC_WARN_64_TO_32_BIT_CONVERSION = YES;
				GCC_WARN_ABOUT_RETURN_TYPE = YES_ERROR;
				GCC_WARN_UNDECLARED_SELECTOR = YES;
				GCC_WARN_UNINITIALIZED_AUTOS = YES_AGGRESSIVE;
				GCC_WARN_UNUSED_FUNCTION = YES;
				GCC_WARN_UNUSED_VARIABLE = YES;
				IPHONEOS_DEPLOYMENT_TARGET = 10.3;
				MTL_ENABLE_DEBUG_INFO = YES;
				ONLY_ACTIVE_ARCH = YES;
				SDKROOT = iphoneos;
				SWIFT_ACTIVE_COMPILATION_CONDITIONS = DEBUG;
				SWIFT_OPTIMIZATION_LEVEL = "-Onone";
			};
			name = Debug;
		};
		07BE65E71F06E95D00A50B73 /* Release */ = {
			isa = XCBuildConfiguration;
			buildSettings = {
				ALWAYS_SEARCH_USER_PATHS = NO;
				CLANG_ANALYZER_NONNULL = YES;
				CLANG_ANALYZER_NUMBER_OBJECT_CONVERSION = YES_AGGRESSIVE;
				CLANG_CXX_LANGUAGE_STANDARD = "gnu++0x";
				CLANG_CXX_LIBRARY = "libc++";
				CLANG_ENABLE_MODULES = YES;
				CLANG_ENABLE_OBJC_ARC = YES;
				CLANG_WARN_BOOL_CONVERSION = YES;
				CLANG_WARN_CONSTANT_CONVERSION = YES;
				CLANG_WARN_DIRECT_OBJC_ISA_USAGE = YES_ERROR;
				CLANG_WARN_DOCUMENTATION_COMMENTS = YES;
				CLANG_WARN_EMPTY_BODY = YES;
				CLANG_WARN_ENUM_CONVERSION = YES;
				CLANG_WARN_INFINITE_RECURSION = YES;
				CLANG_WARN_INT_CONVERSION = YES;
				CLANG_WARN_OBJC_ROOT_CLASS = YES_ERROR;
				CLANG_WARN_SUSPICIOUS_MOVE = YES;
				CLANG_WARN_UNREACHABLE_CODE = YES;
				CLANG_WARN__DUPLICATE_METHOD_MATCH = YES;
				"CODE_SIGN_IDENTITY[sdk=iphoneos*]" = "iPhone Developer";
				COPY_PHASE_STRIP = NO;
				DEBUG_INFORMATION_FORMAT = "dwarf-with-dsym";
				ENABLE_NS_ASSERTIONS = NO;
				ENABLE_STRICT_OBJC_MSGSEND = YES;
				GCC_C_LANGUAGE_STANDARD = gnu99;
				GCC_NO_COMMON_BLOCKS = YES;
				GCC_WARN_64_TO_32_BIT_CONVERSION = YES;
				GCC_WARN_ABOUT_RETURN_TYPE = YES_ERROR;
				GCC_WARN_UNDECLARED_SELECTOR = YES;
				GCC_WARN_UNINITIALIZED_AUTOS = YES_AGGRESSIVE;
				GCC_WARN_UNUSED_FUNCTION = YES;
				GCC_WARN_UNUSED_VARIABLE = YES;
				IPHONEOS_DEPLOYMENT_TARGET = 10.3;
				MTL_ENABLE_DEBUG_INFO = NO;
				SDKROOT = iphoneos;
				SWIFT_OPTIMIZATION_LEVEL = "-Owholemodule";
				VALIDATE_PRODUCT = YES;
			};
			name = Release;
		};
		07BE65E91F06E95D00A50B73 /* Debug */ = {
			isa = XCBuildConfiguration;
			baseConfigurationReference = 53E9923A4E87EDEDDEEC2971 /* Pods-Makestagram.debug.xcconfig */;
			buildSettings = {
				ASSETCATALOG_COMPILER_APPICON_NAME = AppIcon;
				DEVELOPMENT_TEAM = TPRZ8PEQMQ;
				INFOPLIST_FILE = Makestagram/Info.plist;
				LD_RUNPATH_SEARCH_PATHS = "$(inherited) @executable_path/Frameworks";
				PRODUCT_BUNDLE_IDENTIFIER = com.carlosaking.Makestagram;
				PRODUCT_NAME = "$(TARGET_NAME)";
				SWIFT_VERSION = 3.0;
			};
			name = Debug;
		};
		07BE65EA1F06E95D00A50B73 /* Release */ = {
			isa = XCBuildConfiguration;
			baseConfigurationReference = BF14B8465EC382BC97BB1422 /* Pods-Makestagram.release.xcconfig */;
			buildSettings = {
				ASSETCATALOG_COMPILER_APPICON_NAME = AppIcon;
				DEVELOPMENT_TEAM = TPRZ8PEQMQ;
				INFOPLIST_FILE = Makestagram/Info.plist;
				LD_RUNPATH_SEARCH_PATHS = "$(inherited) @executable_path/Frameworks";
				PRODUCT_BUNDLE_IDENTIFIER = com.carlosaking.Makestagram;
				PRODUCT_NAME = "$(TARGET_NAME)";
				SWIFT_VERSION = 3.0;
			};
			name = Release;
		};
/* End XCBuildConfiguration section */

/* Begin XCConfigurationList section */
		07BE65D11F06E95D00A50B73 /* Build configuration list for PBXProject "Makestagram" */ = {
			isa = XCConfigurationList;
			buildConfigurations = (
				07BE65E61F06E95D00A50B73 /* Debug */,
				07BE65E71F06E95D00A50B73 /* Release */,
			);
			defaultConfigurationIsVisible = 0;
			defaultConfigurationName = Release;
		};
		07BE65E81F06E95D00A50B73 /* Build configuration list for PBXNativeTarget "Makestagram" */ = {
			isa = XCConfigurationList;
			buildConfigurations = (
				07BE65E91F06E95D00A50B73 /* Debug */,
				07BE65EA1F06E95D00A50B73 /* Release */,
			);
			defaultConfigurationIsVisible = 0;
			defaultConfigurationName = Release;
		};
/* End XCConfigurationList section */
	};
	rootObject = 07BE65CE1F06E95D00A50B73 /* Project object */;
}
